version = 1
revision = 3
requires-python = "==3.12.*"

[[package]]
name = "colorama"
version = "0.4.6"
source = { registry = "https://pypi.org/simple" }
sdist = { url = "https://files.pythonhosted.org/packages/d8/53/6f443c9a4a8358a93a6792e2acffb9d9d5cb0a5cfd8802644b7b1c9a02e4/colorama-0.4.6.tar.gz", hash = "sha256:08695f5cb7ed6e0531a20572697297273c47b8cae5a63ffc6d6ed5c201be6e44", size = 27697, upload-time = "2022-10-25T02:36:22.414Z" }
wheels = [
    { url = "https://files.pythonhosted.org/packages/d1/d6/3965ed04c63042e047cb6a3e6ed1a63a35087b6a609aa3a15ed8ac56c221/colorama-0.4.6-py2.py3-none-any.whl", hash = "sha256:4f1d9991f5acc0ca119f9d443620b77f9d6b33703e51011c16baf57afb285fc6", size = 25335, upload-time = "2022-10-25T02:36:20.889Z" },
]

[[package]]
name = "iniconfig"
version = "2.3.0"
source = { registry = "https://pypi.org/simple" }
sdist = { url = "https://files.pythonhosted.org/packages/72/34/14ca021ce8e5dfedc35312d08ba8bf51fdd999c576889fc2c24cb97f4f10/iniconfig-2.3.0.tar.gz", hash = "sha256:c76315c77db068650d49c5b56314774a7804df16fee4402c1f19d6d15d8c4730", size = 20503, upload-time = "2025-10-18T21:55:43.219Z" }
wheels = [
    { url = "https://files.pythonhosted.org/packages/cb/b1/3846dd7f199d53cb17f49cba7e651e9ce294d8497c8c150530ed11865bb8/iniconfig-2.3.0-py3-none-any.whl", hash = "sha256:f631c04d2c48c52b84d0d0549c99ff3859c98df65b3101406327ecc7d53fbf12", size = 7484, upload-time = "2025-10-18T21:55:41.639Z" },
]

[[package]]
name = "lupa"
version = "2.8"
source = { registry = "https://pypi.org/simple" }
sdist = { url = "https://files.pythonhosted.org/packages/c3/a6/0f869fbb07c393f15473b1eefefb7b5bec162fb7481803d040ed4dc46002/lupa-2.8.tar.gz", hash = "sha256:d8022641b9ec8ecf2c5ecbe9f47e5a70e0b87c4b5ae921b92cb02a638e0acd08", size = 6156370, upload-time = "2026-04-15T20:08:30.534Z" }
wheels = [
    { url = "https://files.pythonhosted.org/packages/09/21/9be4516ddd22f8eadba336d9ba065d17d79108465ae1b7f71424ab99b9d0/lupa-2.8-cp310-abi3-win32.whl", hash = "sha256:c2a5fd15dc62374e1661a55f01744c9ec1c56f291ba4a0749d3af2174556e78f", size = 1594887, upload-time = "2026-04-15T20:05:23.377Z" },
    { url = "https://files.pythonhosted.org/packages/2d/99/1557c9685d7034d9ce8dd2b54c40a26d6deb7c67c1fdb5c801abd1a02c3f/lupa-2.8-cp310-abi3-win_arm64.whl", hash = "sha256:9e304fb1c50cf23fd8882afbe1aa87525ef8a72667bcab3b37b2bbb2bc542269", size = 1371742, upload-time = "2026-04-15T20:05:27.417Z" },
    { url = "https://files.pythonhosted.org/packages/ad/0b/368f2f0bc750b25c69d4563e44f677925ab5dd3d2887f9b0c15465d21a2a/lupa-2.8-cp312-abi3-macosx_10_13_x86_64.whl", hash = "sha256:f4342f4de76ae7ce2ab0672d36003bdb7e1a33252f293b569298ddd792e70e33", size = 1194056, upload-time = "2026-04-15T20:05:55.794Z" },
    { url = "https://files.pythonhosted.org/packages/5b/0f/c89eb8dd36fdea4e50ae3f7f5275bea3b0cc5d4057b8ee7b3bbc78010422/lupa-2.8-cp312-abi3-manylinux2010_i686.manylinux_2_12_i686.manylinux_2_28_i686.whl", hash = "sha256:4203fa1659315e939a5304e75001b8cc14234fb3cbb3ed86c049b0cc5d90fcee", size = 1434278, upload-time = "2026-04-15T20:05:57.94Z" },
    { url = "https://files.pythonhosted.org/packages/47/30/c3b4d2cd8733621b404b8a4214e5f852955c4ba632546dc84123bea9ee89/lupa-2.8-cp312-abi3-manylinux2014_armv7l.manylinux_2_17_armv7l.manylinux_2_31_armv7l.whl", hash = "sha256:81f2d843ce668b653146c007467570210ae44be51dac6926666c51d49536f307", size = 1150068, upload-time = "2026-04-15T20:06:01.04Z" },
    { url = "https://files.pythonhosted.org/packages/8d/d2/bac12c398519efafc6af84be1974edd0d7a4895fb4735b5c8d615d298595/lupa-2.8-cp312-abi3-manylinux2014_ppc64le.manylinux_2_17_ppc64le.manylinux_2_28_ppc64le.whl", hash = "sha256:d3d0cde2c77588d1c60875a4f34f059513476c6e1775351897195b51e0f3df08", size = 1409532, upload-time = "2026-04-15T20:06:03.592Z" },
    { url = "https://files.pythonhosted.org/packages/9c/6a/18b52e11962014026e07813530b0b108ee8bc0a2a13ef0eaea5d41dce023/lupa-2.8-cp312-abi3-manylinux_2_34_riscv64.manylinux_2_39_riscv64.whl", hash = "sha256:9e0d11b8f3a8dac6413f704fef7161d048bb10c58bdac6cbffa5e60efa56e9a3", size = 1242687, upload-time = "2026-04-15T20:06:06.863Z" },
    { url = "https://files.pythonhosted.org/packages/b3/8e/7fd4eb049875f61429b96780d2eae4700f0e78fe0a52db8edb231b1cd09f/lupa-2.8-cp312-abi3-musllinux_1_2_aarch64.whl", hash = "sha256:54cff414f21f8cd8c6be4aae52541f3b9cd39602b59e3a3db9b5c9f9f674ff18", size = 1856038, upload-time = "2026-04-15T20:06:09.358Z" },
    { url = "https://files.pythonhosted.org/packages/e9/f9/37ad9d2773d30f2931890d310a4bdce28d45484206e6f48bc18b0325eabd/lupa-2.8-cp312-abi3-musllinux_1_2_armv7l.whl", hash = "sha256:24b4d8af5558e549b70daf1547f5c1c1d664ecea9fc790f83efe5d75e9a93797", size = 1128982, upload-time = "2026-04-15T20:06:12.312Z" },
    { url = "https://files.pythonhosted.org/packages/57/31/c0fd7984c24844ea79caa45c0235f61a06b38fd69a839f6c62770f8d684a/lupa-2.8-cp312-abi3-musllinux_1_2_i686.whl", hash = "sha256:ce86dff1ee7f7cf45f5622065ae991949dd7bb1703581cbc58a630137bb7ccf9", size = 1457594, upload-time = "2026-04-15T20:06:15.881Z" },
    { url = "https://files.pythonhosted.org/packages/11/f5/a28e411be30ec1bf0db1eb0c087eebc73be9e7a1adcfe6ac209861ccc446/lupa-2.8-cp312-abi3-musllinux_1_2_ppc64le.whl", hash = "sha256:f4d01b2a08c70bbb883a9e082b6b36b89121ed5910b710f1ba11c73295ff4fba", size = 1425721, upload-time = "2026-04-15T20:06:18.009Z" },
    { url = "https://files.pythonhosted.org/packages/ed/c1/359f767c4ae024be30d909fe8a9f0e9af266bad47ce2bd2ed248fb986fcf/lupa-2.8-cp312-abi3-musllinux_1_2_riscv64.whl", hash = "sha256:7f210d5a8353e510ea1199c42cf3cbdd630553bf2bc8fb4c00fea06fdec7c798", size = 1253258, upload-time = "2026-04-15T20:06:21.17Z" },
    { url = "https://files.pythonhosted.org/packages/17/52/473f11790c261fd02bbf318a546fe040e9ec9f677181272fa78d3b4112a4/lupa-2.8-cp312-abi3-musllinux_1_2_x86_64.whl", hash = "sha256:4f81a02806e7c7ad26d8c6fa222c8bef1b0c1b124347c879be880b41339d41e4", size = 2395272, upload-time = "2026-04-15T20:06:24.137Z" },
    { url = "https://files.pythonhosted.org/packages/94/bf/75c8795655a8836eab6a11a630352c4b7c5dc5c54d075077bc9bffdeee45/lupa-2.8-cp312-abi3-win32.whl", hash = "sha256:360056453a7a4eaa4ac5a204c31a5a014b1eb2ee5490603234d2ba831684f1f2", size = 1606136, upload-time = "2026-04-15T20:06:27.815Z" },
    { url = "https://files.pythonhosted.org/packages/d8/29/11a2cdd612b6f55e506292dfb6ba343216e80a693e7fe3f876ef204ce9c6/lupa-2.8-cp312-abi3-win_arm64.whl", hash = "sha256:1628371c6592a6d5650497a9e31fb2bb3a7e9883c1f301d1111265e484045af9", size = 1364495, upload-time = "2026-04-15T20:06:30.254Z" },
    { url = "https://files.pythonhosted.org/packages/4d/17/fa834b6b09ad17e7df5d0f7715d64877a125a3776ada689751a1f9dc2959/lupa-2.8-cp312-cp312-macosx_11_0_arm64.whl", hash = "sha256:450650f91c48c2415b0d59ab3abfcfda3b6efb5b858205f4d4bda8ad141fa529", size = 1190111, upload-time = "2026-04-15T20:06:32.84Z" },
    { url = "https://files.pythonhosted.org/packages/ab/43/45589901b7d1a0e3a9d91d19a311fb6a56924e8571536c3f2212160fd953/lupa-2.8-cp312-cp312-manylinux2014_aarch64.manylinux_2_17_aarch64.manylinux_2_28_aarch64.whl", hash = "sha256:27044f3363047f946b3d3aab9157cbd172b3538ada9ec1baef43432bf7d03a78", size = 1812999, upload-time = "2026-04-15T20:06:35.664Z" },
    { url = "https://files.pythonhosted.org/packages/a1/ac/4ade7d15ff5c61758d7943ac6f0a496bf1cc65b6c09f842b52a0702e664c/lupa-2.8-cp312-cp312-manylinux2014_x86_64.manylinux_2_17_x86_64.manylinux_2_28_x86_64.whl", hash = "sha256:8cf4f064a0e5531afce2d7d750120c10c10f9529139af6ca6150d13151034398", size = 2368731, upload-time = "2026-04-15T20:06:37.959Z" },
    { url = "https://files.pythonhosted.org/packages/0c/27/05f950d15b8ab120b39c43588b438ff3ace70c1b1b0225a960393a497483/lupa-2.8-cp312-cp312-win_amd64.whl", hash = "sha256:281bedc5deb92d31e649a3552edd662449365a635904fa4d5cb4509c7245e34e", size = 1941809, upload-time = "2026-04-15T20:06:40.302Z" },
    { url = "https://files.pythonhosted.org/packages/1d/44/de1961ad38e17cd326a53c246c7e3b91178ed578f4cf22ffcd5e7e11b041/lupa-2.8-cp39-abi3-macosx_10_9_x86_64.whl", hash = "sha256:b036738282a5acd2e71fdddb317c9df8b87c1673aa57f403d05fcc2be8abc4ba", size = 1186020, upload-time = "2026-04-15T20:07:35.017Z" },
    { url = "https://files.pythonhosted.org/packages/13/c2/276f0b9dc8bcc5a8a58af5316dfa0e6f56be3613dd6dbcc8d3d2cb6559ba/lupa-2.8-cp39-abi3-manylinux2010_i686.manylinux_2_12_i686.manylinux_2_28_i686.whl", hash = "sha256:ac6b6e8d0e617e26a98cbb44880bcd75de5d32b3ad7b3b3793583909292b47ed", size = 1468944, upload-time = "2026-04-15T20:07:37.782Z" },
    { url = "https://files.pythonhosted.org/packages/63/38/52934e52a5180dc6425d20284d004fe4b27a4f9171a82dc99fb67af250bf/lupa-2.8-cp39-abi3-manylinux2014_armv7l.manylinux_2_17_armv7l.manylinux_2_31_armv7l.whl", hash = "sha256:ba3a7dd839f90c3d2e53bebe3c192b1f3f9fd720a6781256405123211fd0dce6", size = 1172998, upload-time = "2026-04-15T20:07:40.812Z" },
    { url = "https://files.pythonhosted.org/packages/c7/82/76b3809bd0839d9b3b4ec58d06591e08f17337b6d9576877cb9d48b34e94/lupa-2.8-cp39-abi3-manylinux2014_ppc64le.manylinux_2_17_ppc64le.manylinux_2_28_ppc64le.whl", hash = "sha256:d7edb13a7a5250b5c6c22d1495d9e842b5c9fc5081c8fe6b5efe2112fe3e41f9", size = 1449975, upload-time = "2026-04-15T20:07:44.262Z" },
    { url = "https://files.pythonhosted.org/packages/16/07/2f89d54f747c67c23b4b9ae4aa8c8dd06bb409155dedcf406157f2736b66/lupa-2.8-cp39-abi3-manylinux_2_34_riscv64.manylinux_2_39_riscv64.whl", hash = "sha256:891f72e0bffbed1e4175f975aeb2a083956586a100066525e1be485f617f7b25", size = 1281944, upload-time = "2026-04-15T20:07:46.458Z" },
    { url = "https://files.pythonhosted.org/packages/e7/bd/7375d2b0fcae79d806baf52a76f26c96964593f58e1372d13ae5ac09c676/lupa-2.8-cp39-abi3-musllinux_1_2_aarch64.whl", hash = "sha256:a295f87b5b7ebbfd5191932e8cb0e51df3c7769101ac6b6c7d7c9fb27bfd1307", size = 1910455, upload-time = "2026-04-15T20:07:49.75Z" },
    { url = "https://files.pythonhosted.org/packages/8b/0c/8abb3bc0e08b311fc01db05b6e9f9ff31a8f65e4fc3f0aeb05cfef75c8ac/lupa-2.8-cp39-abi3-musllinux_1_2_armv7l.whl", hash = "sha256:4fe5d7a810b64ea8511eb885fc8cdde042ee5ff7b7d08ae78f32449756acb177", size = 1155548, upload-time = "2026-04-15T20:07:52.657Z" },
    { url = "https://files.pythonhosted.org/packages/80/2e/9eeecd3f493099721c1d3f31beeca23a4237db1a54223684df4dc96aa1bd/lupa-2.8-cp39-abi3-musllinux_1_2_i686.whl", hash = "sha256:bfc470012ef66ad064c7bd77416af03a3452ef630b04b9012595ea13f2e54518", size = 1489232, upload-time = "2026-04-15T20:07:54.92Z" },
    { url = "https://files.pythonhosted.org/packages/c3/13/731c99dc2e7652ae818a6de45bdf0142049f7cb566049061c898355f1891/lupa-2.8-cp39-abi3-musllinux_1_2_ppc64le.whl", hash = "sha256:250e035fdaffe8c87093e3ebc206ac29a26131b1568ea711d780c26001ce96e7", size = 1466321, upload-time = "2026-04-15T20:07:57.627Z" },
    { url = "https://files.pythonhosted.org/packages/de/71/3ad8cc4fc05a77dc0d3f7079348bd1cad4675a0d14c24f8e6a3ce5f008f7/lupa-2.8-cp39-abi3-musllinux_1_2_riscv64.whl", hash = "sha256:b9bddb09acfffb4f828f790f444b11dc0cca591afea1a244d9329eea2d20c003", size = 1288577, upload-time = "2026-04-15T20:07:59.913Z" },
    { url = "https://files.pythonhosted.org/packages/d8/b2/1175f6d0aa7b68627fbe2f58bd1e8bea36a89d10dfd67671d2b024c96162/lupa-2.8-cp39-abi3-musllinux_1_2_x86_64.whl", hash = "sha256:2e64acbbd47e9b82a64405a39e0d2b36a5a7dad8ab41c0f3437f572f7d282ba3", size = 2444866, upload-time = "2026-04-15T20:08:02.753Z" },
]

[[package]]
name = "packaging"
version = "26.2"
source = { registry = "https://pypi.org/simple" }
sdist = { url = "https://files.pythonhosted.org/packages/d7/f1/e7a6dd94a8d4a5626c03e4e99c87f241ba9e350cd9e6d75123f992427270/packaging-26.2.tar.gz", hash = "sha256:ff452ff5a3e828ce110190feff1178bb1f2ea2281fa2075aadb987c2fb221661", size = 228134, upload-time = "2026-04-24T20:15:23.917Z" }
wheels = [
    { url = "https://files.pythonhosted.org/packages/df/b2/87e62e8c3e2f4b32e5fe99e0b86d576da1312593b39f47d8ceef365e95ed/packaging-26.2-py3-none-any.whl", hash = "sha256:5fc45236b9446107ff2415ce77c807cee2862cb6fac22b8a73826d0693b0980e", size = 100195, upload-time = "2026-04-24T20:15:22.081Z" },
]

[[package]]
name = "pluggy"
version = "1.6.0"
source = { registry = "https://pypi.org/simple" }
sdist = { url = "https://files.pythonhosted.org/packages/f9/e2/3e91f31a7d2b083fe6ef3fa267035b518369d9511ffab804f839851d2779/pluggy-1.6.0.tar.gz", hash = "sha256:7dcc130b76258d33b90f61b658791dede3486c3e6bfb003ee5c9bfb396dd22f3", size = 69412, upload-time = "2025-05-15T12:30:07.975Z" }
wheels = [
    { url = "https://files.pythonhosted.org/packages/54/20/4d324d65cc6d9205fabedc306948156824eb9f0ee1633355a8f7ec5c66bf/pluggy-1.6.0-py3-none-any.whl", hash = "sha256:e920276dd6813095e9377c0bc5566d94c932c33b27a3e3945d8389c374dd4746", size = 20538, upload-time = "2025-05-15T12:30:06.134Z" },
]

[[package]]
name = "pygments"
version = "2.20.0"
source = { registry = "https://pypi.org/simple" }
sdist = { url = "https://files.pythonhosted.org/packages/c3/b2/bc9c9196916376152d655522fdcebac55e66de6603a76a02bca1b6414f6c/pygments-2.20.0.tar.gz", hash = "sha256:6757cd03768053ff99f3039c1a36d6c0aa0b263438fcab17520b30a303a82b5f", size = 4955991, upload-time = "2026-03-29T13:29:33.898Z" }
wheels = [
    { url = "https://files.pythonhosted.org/packages/f4/7e/a72dd26f3b0f4f2bf1dd8923c85f7ceb43172af56d63c7383eb62b332364/pygments-2.20.0-py3-none-any.whl", hash = "sha256:81a9e26dd42fd28a23a2d169d86d7ac03b46e2f8b59ed4698fb4785f946d0176", size = 1231151, upload-time = "2026-03-29T13:29:30.038Z" },
]

[[package]]
name = "pytest"
version = "9.1.1"
source = { registry = "https://pypi.org/simple" }
dependencies = [
    { name = "colorama", marker = "sys_platform == 'win32'" },
    { name = "iniconfig" },
    { name = "packaging" },
    { name = "pluggy" },
    { name = "pygments" },
]
sdist = { url = "https://files.pythonhosted.org/packages/e4/47/b9efed96c114afcfa3c9d3fe98a76a1d14c74a9e266d397cf6eb64be5e01/pytest-9.1.1.tar.gz", hash = "sha256:1088fbde8f2b49d95a549a195707afa7a76a3ce9bcadc26b6d71f0ffda5fe313", size = 1636369, upload-time = "2026-06-19T10:58:32.857Z" }
wheels = [
    { url = "https://files.pythonhosted.org/packages/24/25/1de2678b631f5a49215c6c96fff41ba892b0a34df68d6d80292b1b48aa7f/pytest-9.1.1-py3-none-any.whl", hash = "sha256:37a86b45efb9a47a61a36449063e8e18d0cab3161329fc099eb21783169c4f0c", size = 386536, upload-time = "2026-06-19T10:58:31.347Z" },
]

[[package]]
name = "pyyaml"
version = "6.0.3"
source = { registry = "https://pypi.org/simple" }
sdist = { url = "https://files.pythonhosted.org/packages/05/8e/961c0007c59b8dd7729d542c61a4d537767a59645b82a0b521206e1e25c2/pyyaml-6.0.3.tar.gz", hash = "sha256:d76623373421df22fb4cf8817020cbb7ef15c725b9d5e45f17e189bfc384190f", size = 130960, upload-time = "2025-09-25T21:33:16.546Z" }
wheels = [
    { url = "https://files.pythonhosted.org/packages/d1/33/422b98d2195232ca1826284a76852ad5a86fe23e31b009c9886b2d0fb8b2/pyyaml-6.0.3-cp312-cp312-macosx_10_13_x86_64.whl", hash = "sha256:7f047e29dcae44602496db43be01ad42fc6f1cc0d8cd6c83d342306c32270196", size = 182063, upload-time = "2025-09-25T21:32:11.445Z" },
    { url = "https://files.pythonhosted.org/packages/89/a0/6cf41a19a1f2f3feab0e9c0b74134aa2ce6849093d5517a0c550fe37a648/pyyaml-6.0.3-cp312-cp312-macosx_11_0_arm64.whl", hash = "sha256:fc09d0aa354569bc501d4e787133afc08552722d3ab34836a80547331bb5d4a0", size = 173973, upload-time = "2025-09-25T21:32:12.492Z" },
    { url = "https://files.pythonhosted.org/packages/ed/23/7a778b6bd0b9a8039df8b1b1d80e2e2ad78aa04171592c8a5c43a56a6af4/pyyaml-6.0.3-cp312-cp312-manylinux2014_aarch64.manylinux_2_17_aarch64.manylinux_2_28_aarch64.whl", hash = "sha256:9149cad251584d5fb4981be1ecde53a1ca46c891a79788c0df828d2f166bda28", size = 775116, upload-time = "2025-09-25T21:32:13.652Z" },
    { url = "https://files.pythonhosted.org/packages/65/30/d7353c338e12baef4ecc1b09e877c1970bd3382789c159b4f89d6a70dc09/pyyaml-6.0.3-cp312-cp312-manylinux2014_s390x.manylinux_2_17_s390x.manylinux_2_28_s390x.whl", hash = "sha256:5fdec68f91a0c6739b380c83b951e2c72ac0197ace422360e6d5a959d8d97b2c", size = 844011, upload-time = "2025-09-25T21:32:15.21Z" },
    { url = "https://files.pythonhosted.org/packages/8b/9d/b3589d3877982d4f2329302ef98a8026e7f4443c765c46cfecc8858c6b4b/pyyaml-6.0.3-cp312-cp312-manylinux2014_x86_64.manylinux_2_17_x86_64.manylinux_2_28_x86_64.whl", hash = "sha256:ba1cc08a7ccde2d2ec775841541641e4548226580ab850948cbfda66a1befcdc", size = 807870, upload-time = "2025-09-25T21:32:16.431Z" },
    { url = "https://files.pythonhosted.org/packages/05/c0/b3be26a015601b822b97d9149ff8cb5ead58c66f981e04fedf4e762f4bd4/pyyaml-6.0.3-cp312-cp312-musllinux_1_2_aarch64.whl", hash = "sha256:8dc52c23056b9ddd46818a57b78404882310fb473d63f17b07d5c40421e47f8e", size = 761089, upload-time = "2025-09-25T21:32:17.56Z" },
    { url = "https://files.pythonhosted.org/packages/be/8e/98435a21d1d4b46590d5459a22d88128103f8da4c2d4cb8f14f2a96504e1/pyyaml-6.0.3-cp312-cp312-musllinux_1_2_x86_64.whl", hash = "sha256:41715c910c881bc081f1e8872880d3c650acf13dfa8214bad49ed4cede7c34ea", size = 790181, upload-time = "2025-09-25T21:32:18.834Z" },
    { url = "https://files.pythonhosted.org/packages/74/93/7baea19427dcfbe1e5a372d81473250b379f04b1bd3c4c5ff825e2327202/pyyaml-6.0.3-cp312-cp312-win32.whl", hash = "sha256:96b533f0e99f6579b3d4d4995707cf36df9100d67e0c8303a0c55b27b5f99bc5", size = 137658, upload-time = "2025-09-25T21:32:20.209Z" },
    { url = "https://files.pythonhosted.org/packages/86/bf/899e81e4cce32febab4fb42bb97dcdf66bc135272882d1987881a4b519e9/pyyaml-6.0.3-cp312-cp312-win_amd64.whl", hash = "sha256:5fcd34e47f6e0b794d17de1b4ff496c00986e1c83f7ab2fb8fcfe9616ff7477b", size = 154003, upload-time = "2025-09-25T21:32:21.167Z" },
    { url = "https://files.pythonhosted.org/packages/1a/08/67bd04656199bbb51dbed1439b7f27601dfb576fb864099c7ef0c3e55531/pyyaml-6.0.3-cp312-cp312-win_arm64.whl", hash = "sha256:64386e5e707d03a7e172c0701abfb7e10f0fb753ee1d773128192742712a98fd", size = 140344, upload-time = "2025-09-25T21:32:22.617Z" },
]

[[package]]
name = "rfdgamestudio"
version = "0.1.0"
source = { editable = "." }
dependencies = [
    { name = "lupa" },
    { name = "pyyaml" },
]

[package.dev-dependencies]
dev = [
    { name = "pytest" },
]

[package.metadata]
requires-dist = [
    { name = "lupa", specifier = ">=2.0" },
    { name = "pyyaml", specifier = ">=6.0" },
]

[package.metadata.requires-dev]
dev = [{ name = "pytest", specifier = ">=8.0" }]
